// !$*UTF8*$!
{
	archiveVersion = 1;
	classes = {
	};
	objectVersion = 77;
	objects = {

/* Begin PBXBuildFile section */
		9BDC07622EB15DDD002661E7 /* FirebaseAuth in Frameworks */ = {isa = PBXBuildFile; productRef = 9BDC07612EB15DDD002661E7 /* FirebaseAuth */; };
		9BDC07642EB15DDD002661E7 /* FirebaseFirestore in Frameworks */ = {isa = PBXBuildFile; productRef = 9BDC07632EB15DDD002661E7 /* FirebaseFirestore */; };
		9BDC07662EB15DDD002661E7 /* FirebaseStorage in Frameworks */ = {isa = PBXBuildFile; productRef = 9BDC07652EB15DDD002661E7 /* FirebaseStorage */; };
/* End PBXBuildFile section */

/* Begin PBXContainerItemProxy section */
		9BDC071C2EB154C6002661E7 /* PBXContainerItemProxy */ = {
			isa = PBXContainerItemProxy;
			containerPortal = 9BDC07062EB154C4002661E7 /* Project object */;
			proxyType = 1;
			remoteGlobalIDString = 9BDC070D2EB154C4002661E7;
			remoteInfo = "BLU-v2";
		};
		9BDC07262EB154C6002661E7 /* PBXContainerItemProxy */ = {
			isa = PBXContainerItemProxy;
			containerPortal = 9BDC07062EB154C4002661E7 /* Project object */;
			proxyType = 1;
			remoteGlobalIDString = 9BDC070D2EB154C4002661E7;
			remoteInfo = "BLU-v2";
		};
/* End PBXContainerItemProxy section */

/* Begin PBXFileReference section */
		9BDC070E2EB154C4002661E7 /* BLU-v2.app */ = {isa = PBXFileReference; explicitFileType = wrapper.application; includeInIndex = 0; path = "BLU-v2.app"; sourceTree = BUILT_PRODUCTS_DIR; };
		9BDC071B2EB154C6002661E7 /* BLU-v2Tests.xctest */ = {isa = PBXFileReference; explicitFileType = wrapper.cfbundle; includeInIndex = 0; path = "BLU-v2Tests.xctest"; sourceTree = BUILT_PRODUCTS_DIR; };
		9BDC07252EB154C6002661E7 /* BLU-v2UITests.xctest */ = {isa = PBXFileReference; explicitFileType = wrapper.cfbundle; includeInIndex = 0; path = "BLU-v2UITests.xctest"; sourceTree = BUILT_PRODUCTS_DIR; };
/* End PBXFileReference section */

/* Begin PBXFileSystemSynchronizedRootGroup section */
		9BDC07102EB154C4002661E7 /* BLU-v2 */ = {
			isa = PBXFileSystemSynchronizedRootGroup;
			path = "BLU-v2";
			sourceTree = "<group>";
		};
		9BDC071E2EB154C6002661E7 /* BLU-v2Tests */ = {
			isa = PBXFileSystemSynchronizedRootGroup;
			path = "BLU-v2Tests";
			sourceTree = "<group>";
		};
		9BDC07282EB154C6002661E7 /* BLU-v2UITests */ = {
			isa = PBXFileSystemSynchronizedRootGroup;
			path = "BLU-v2UITests";
			sourceTree = "<group>";
		};
/* End PBXFileSystemSynchronizedRootGroup section */

/* Begin PBXFrameworksBuildPhase section */
		9BDC070B2EB154C4002661E7 /* Frameworks */ = {
			isa = PBXFrameworksBuildPhase;
			buildActionMask = 2147483647;
			files = (
				9BDC07622EB15DDD002661E7 /* FirebaseAuth in Frameworks */,
				9BDC07642EB15DDD002661E7 /* FirebaseFirestore in Frameworks */,
				9BDC07662EB15DDD002661E7 /* FirebaseStorage in Frameworks */,
			);
			runOnlyForDeploymentPostprocessing = 0;
		};
		9BDC07182EB154C6002661E7 /* Frameworks */ = {
			isa = PBXFrameworksBuildPhase;
			buildActionMask = 2147483647;
			files = (
			);
			runOnlyForDeploymentPostprocessing = 0;
		};
		9BDC07222EB154C6002661E7 /* Frameworks */ = {
			isa = PBXFrameworksBuildPhase;
			buildActionMask = 2147483647;
			files = (
			);
			runOnlyForDeploymentPostprocessing = 0;
		};
/* End PBXFrameworksBuildPhase section */

/* Begin PBXGroup section */
		9BDC07052EB154C4002661E7 = {
			isa = PBXGroup;
			children = (
				9BDC07102EB154C4002661E7 /* BLU-v2 */,
				9BDC071E2EB154C6002661E7 /* BLU-v2Tests */,
				9BDC07282EB154C6002661E7 /* BLU-v2UITests */,
				9BDC070F2EB154C4002661E7 /* Products */,
			);
			sourceTree = "<group>";
		};
		9BDC070F2EB154C4002661E7 /* Products */ = {
			isa = PBXGroup;
			children = (
				9BDC070E2EB154C4002661E7 /* BLU-v2.app */,
				9BDC071B2EB154C6002661E7 /* BLU-v2Tests.xctest */,
				9BDC07252EB154C6002661E7 /* BLU-v2UITests.xctest */,
			);
			name = Products;
			sourceTree = "<group>";
		};
/* End PBXGroup section */

/* Begin PBXNativeTarget section */
		9BDC070D2EB154C4002661E7 /* BLU-v2 */ = {
			isa = PBXNativeTarget;
			buildConfigurationList = 9BDC072F2EB154C6002661E7 /* Build configuration list for PBXNativeTarget "BLU-v2" */;
			buildPhases = (
				9BDC070A2EB154C4002661E7 /* Sources */,
				9BDC070B2EB154C4002661E7 /* Frameworks */,
				9BDC070C2EB154C4002661E7 /* Resources */,
			);
			buildRules = (
			);
			dependencies = (
			);
			fileSystemSynchronizedGroups = (
				9BDC07102EB154C4002661E7 /* BLU-v2 */,
			);
			name = "BLU-v2";
			packageProductDependencies = (
				9BDC07612EB15DDD002661E7 /* FirebaseAuth */,
				9BDC07632EB15DDD002661E7 /* FirebaseFirestore */,
				9BDC07652EB15DDD002661E7 /* FirebaseStorage */,
			);
			productName = "BLU-v2";
			productReference = 9BDC070E2EB154C4002661E7 /* BLU-v2.app */;
			productType = "com.apple.product-type.application";
		};
		9BDC071A2EB154C6002661E7 /* BLU-v2Tests */ = {
			isa = PBXNativeTarget;
			buildConfigurationList = 9BDC07322EB154C6002661E7 /* Build configuration list for PBXNativeTarget "BLU-v2Tests" */;
			buildPhases = (
				9BDC07172EB154C6002661E7 /* Sources */,
				9BDC07182EB154C6002661E7 /* Frameworks */,
				9BDC07192EB154C6002661E7 /* Resources */,
			);
			buildRules = (
			);
			dependencies = (
				9BDC071D2EB154C6002661E7 /* PBXTargetDependency */,
			);
			fileSystemSynchronizedGroups = (
				9BDC071E2EB154C6002661E7 /* BLU-v2Tests */,
			);
			name = "BLU-v2Tests";
			packageProductDependencies = (
			);
			productName = "BLU-v2Tests";
			productReference = 9BDC071B2EB154C6002661E7 /* BLU-v2Tests.xctest */;
			productType = "com.apple.product-type.bundle.unit-test";
		};
		9BDC07242EB154C6002661E7 /* BLU-v2UITests */ = {
			isa = PBXNativeTarget;
			buildConfigurationList = 9BDC07352EB154C6002661E7 /* Build configuration list for PBXNativeTarget "BLU-v2UITests" */;
			buildPhases = (
				9BDC07212EB154C6002661E7 /* Sources */,
				9BDC07222EB154C6002661E7 /* Frameworks */,
				9BDC07232EB154C6002661E7 /* Resources */,
			);
			buildRules = (
			);
			dependencies = (
				9BDC07272EB154C6002661E7 /* PBXTargetDependency */,
			);
			fileSystemSynchronizedGroups = (
				9BDC07282EB154C6002661E7 /* BLU-v2UITests */,
			);
			name = "BLU-v2UITests";
			packageProductDependencies = (
			);
			productName = "BLU-v2UITests";
			productReference = 9BDC07252EB154C6002661E7 /* BLU-v2UITests.xctest */;
			productType = "com.apple.product-type.bundle.ui-testing";
		};
/* End PBXNativeTarget section */

/* Begin PBXProject section */
		9BDC07062EB154C4002661E7 /* Project object */ = {
			isa = PBXProject;
			attributes = {
				BuildIndependentTargetsInParallel = 1;
				LastSwiftUpdateCheck = 2600;
				LastUpgradeCheck = 2600;
				TargetAttributes = {
					9BDC070D2EB154C4002661E7 = {
						CreatedOnToolsVersion = 26.0.1;
					};
					9BDC071A2EB154C6002661E7 = {
						CreatedOnToolsVersion = 26.0.1;
						TestTargetID = 9BDC070D2EB154C4002661E7;
					};
					9BDC07242EB154C6002661E7 = {
						CreatedOnToolsVersion = 26.0.1;
						TestTargetID = 9BDC070D2EB154C4002661E7;
					};
				};
			};
			buildConfigurationList = 9BDC07092EB154C4002661E7 /* Build configuration list for PBXProject "BLU-v2" */;
			developmentRegion = en;
			hasScannedForEncodings = 0;
			knownRegions = (
				en,
				Base,
			);
			mainGroup = 9BDC07052EB154C4002661E7;
			minimizedProjectReferenceProxies = 1;
			packageReferences = (
				9BDC075F2EB15C84002661E7 /* XCRemoteSwiftPackageReference "Base58Swift" */,
				9BDC07602EB15DDD002661E7 /* XCRemoteSwiftPackageReference "firebase-ios-sdk" */,
			);
			preferredProjectObjectVersion = 77;
			productRefGroup = 9BDC070F2EB154C4002661E7 /* Products */;
			projectDirPath = "";
			projectRoot = "";
			targets = (
				9BDC070D2EB154C4002661E7 /* BLU-v2 */,
				9BDC071A2EB154C6002661E7 /* BLU-v2Tests */,
				9BDC07242EB154C6002661E7 /* BLU-v2UITests */,
			);
		};
/* End PBXProject section */

/* Begin PBXResourcesBuildPhase section */
		9BDC070C2EB154C4002661E7 /* Resources */ = {
			isa = PBXResourcesBuildPhase;
			buildActionMask = 2147483647;
			files = (
			);
			runOnlyForDeploymentPostprocessing = 0;
		};
		9BDC07192EB154C6002661E7 /* Resources */ = {
			isa = PBXResourcesBuildPhase;
			buildActionMask = 2147483647;
			files = (
			);
			runOnlyForDeploymentPostprocessing = 0;
		};
		9BDC07232EB154C6002661E7 /* Resources */ = {
			isa = PBXResourcesBuildPhase;
			buildActionMask = 2147483647;
			files = (
			);
			runOnlyForDeploymentPostprocessing = 0;
		};
/* End PBXResourcesBuildPhase section */

/* Begin PBXSourcesBuildPhase section */
		9BDC070A2EB154C4002661E7 /* Sources */ = {
			isa = PBXSourcesBuildPhase;
			buildActionMask = 2147483647;
			files = (
			);
			runOnlyForDeploymentPostprocessing = 0;
		};
		9BDC07172EB154C6002661E7 /* Sources */ = {
			isa = PBXSourcesBuildPhase;
			buildActionMask = 2147483647;
			files = (
			);
			runOnlyForDeploymentPostprocessing = 0;
		};
		9BDC07212EB154C6002661E7 /* Sources */ = {
			isa = PBXSourcesBuildPhase;
			buildActionMask = 2147483647;
			files = (
			);
			runOnlyForDeploymentPostprocessing = 0;
		};
/* End PBXSourcesBuildPhase section */

/* Begin PBXTargetDependency section */
		9BDC071D2EB154C6002661E7 /* PBXTargetDependency */ = {
			isa = PBXTargetDependency;
			target = 9BDC070D2EB154C4002661E7 /* BLU-v2 */;
			targetProxy = 9BDC071C2EB154C6002661E7 /* PBXContainerItemProxy */;
		};
		9BDC07272EB154C6002661E7 /* PBXTargetDependency */ = {
			isa = PBXTargetDependency;
			target = 9BDC070D2EB154C4002661E7 /* BLU-v2 */;
			targetProxy = 9BDC07262EB154C6002661E7 /* PBXContainerItemProxy */;
		};
/* End PBXTargetDependency section */

/* Begin XCBuildConfiguration section */
		9BDC072D2EB154C6002661E7 /* Debug */ = {
			isa = XCBuildConfiguration;
			buildSettings = {
				ALWAYS_SEARCH_USER_PATHS = NO;
				ASSETCATALOG_COMPILER_GENERATE_SWIFT_ASSET_SYMBOL_EXTENSIONS = YES;
				CLANG_ANALYZER_NONNULL = YES;
				CLANG_ANALYZER_NUMBER_OBJECT_CONVERSION = YES_AGGRESSIVE;
				CLANG_CXX_LANGUAGE_STANDARD = "gnu++20";
				CLANG_ENABLE_MODULES = YES;
				CLANG_ENABLE_OBJC_ARC = YES;
				CLANG_ENABLE_OBJC_WEAK = YES;
				CLANG_WARN_BLOCK_CAPTURE_AUTORELEASING = YES;
				CLANG_WARN_BOOL_CONVERSION = YES;
				CLANG_WARN_COMMA = YES;
				CLANG_WARN_CONSTANT_CONVERSION = YES;
				CLANG_WARN_DEPRECATED_OBJC_IMPLEMENTATIONS = YES;
				CLANG_WARN_DIRECT_OBJC_ISA_USAGE = YES_ERROR;
				CLANG_WARN_DOCUMENTATION_COMMENTS = YES;
				CLANG_WARN_EMPTY_BODY = YES;
				CLANG_WARN_ENUM_CONVERSION = YES;
				CLANG_WARN_INFINITE_RECURSION = YES;
				CLANG_WARN_INT_CONVERSION = YES;
				CLANG_WARN_NON_LITERAL_NULL_CONVERSION = YES;
				CLANG_WARN_OBJC_IMPLICIT_RETAIN_SELF = YES;
				CLANG_WARN_OBJC_LITERAL_CONVERSION = YES;
				CLANG_WARN_OBJC_ROOT_CLASS = YES_ERROR;
				CLANG_WARN_QUOTED_INCLUDE_IN_FRAMEWORK_HEADER = YES;
				CLANG_WARN_RANGE_LOOP_ANALYSIS = YES;
				CLANG_WARN_STRICT_PROTOTYPES = YES;
				CLANG_WARN_SUSPICIOUS_MOVE = YES;
				CLANG_WARN_UNGUARDED_AVAILABILITY = YES_AGGRESSIVE;
				CLANG_WARN_UNREACHABLE_CODE = YES;
				CLANG_WARN__DUPLICATE_METHOD_MATCH = YES;
				COPY_PHASE_STRIP = NO;
				DEBUG_INFORMATION_FORMAT = dwarf;
				DEVELOPMENT_TEAM = HH86959S6Y;
				ENABLE_STRICT_OBJC_MSGSEND = YES;
				ENABLE_TESTABILITY = YES;
				ENABLE_USER_SCRIPT_SANDBOXING = YES;
				GCC_C_LANGUAGE_STANDARD = gnu17;
				GCC_DYNAMIC_NO_PIC = NO;
				GCC_NO_COMMON_BLOCKS = YES;
				GCC_OPTIMIZATION_LEVEL = 0;
				GCC_PREPROCESSOR_DEFINITIONS = (
					"DEBUG=1",
					"$(inherited)",
				);
				GCC_WARN_64_TO_32_BIT_CONVERSION = YES;
				GCC_WARN_ABOUT_RETURN_TYPE = YES_ERROR;
				GCC_WARN_UNDECLARED_SELECTOR = YES;
				GCC_WARN_UNINITIALIZED_AUTOS = YES_AGGRESSIVE;
				GCC_WARN_UNUSED_FUNCTION = YES;
				GCC_WARN_UNUSED_VARIABLE = YES;
				INFOPLIST_KEY_NSCameraUsageDescription = "This app uses the camera to detect home plate and create an AR baseball field and for tracking baseball movements in augmented reality.";
				INFOPLIST_KEY_NSPhotoLibraryAddUsageDescription = "This app uses the camera for tracking baseball movements in augmented reality.";
				IPHONEOS_DEPLOYMENT_TARGET = 26.0;
				LOCALIZATION_PREFERS_STRING_CATALOGS = YES;
				MTL_ENABLE_DEBUG_INFO = INCLUDE_SOURCE;
				MTL_FAST_MATH = YES;
				ONLY_ACTIVE_ARCH = YES;
				SDKROOT = iphoneos;
				SWIFT_ACTIVE_COMPILATION_CONDITIONS = "DEBUG $(inherited)";
				SWIFT_OPTIMIZATION_LEVEL = "-Onone";
			};
			name = Debug;
		};
		9BDC072E2EB154C6002661E7 /* Release */ = {
			isa = XCBuildConfiguration;
			buildSettings = {
				ALWAYS_SEARCH_USER_PATHS = NO;
				ASSETCATALOG_COMPILER_GENERATE_SWIFT_ASSET_SYMBOL_EXTENSIONS = YES;
				CLANG_ANALYZER_NONNULL = YES;
				CLANG_ANALYZER_NUMBER_OBJECT_CONVERSION = YES_AGGRESSIVE;
				CLANG_CXX_LANGUAGE_STANDARD = "gnu++20";
				CLANG_ENABLE_MODULES = YES;
				CLANG_ENABLE_OBJC_ARC = YES;
				CLANG_ENABLE_OBJC_WEAK = YES;
				CLANG_WARN_BLOCK_CAPTURE_AUTORELEASING = YES;
				CLANG_WARN_BOOL_CONVERSION = YES;
				CLANG_WARN_COMMA = YES;
				CLANG_WARN_CONSTANT_CONVERSION = YES;
				CLANG_WARN_DEPRECATED_OBJC_IMPLEMENTATIONS = YES;
				CLANG_WARN_DIRECT_OBJC_ISA_USAGE = YES_ERROR;
				CLANG_WARN_DOCUMENTATION_COMMENTS = YES;
				CLANG_WARN_EMPTY_BODY = YES;
				CLANG_WARN_ENUM_CONVERSION = YES;
				CLANG_WARN_INFINITE_RECURSION = YES;
				CLANG_WARN_INT_CONVERSION = YES;
				CLANG_WARN_NON_LITERAL_NULL_CONVERSION = YES;
				CLANG_WARN_OBJC_IMPLICIT_RETAIN_SELF = YES;
				CLANG_WARN_OBJC_LITERAL_CONVERSION = YES;
				CLANG_WARN_OBJC_ROOT_CLASS = YES_ERROR;
				CLANG_WARN_QUOTED_INCLUDE_IN_FRAMEWORK_HEADER = YES;
				CLANG_WARN_RANGE_LOOP_ANALYSIS = YES;
				CLANG_WARN_STRICT_PROTOTYPES = YES;
				CLANG_WARN_SUSPICIOUS_MOVE = YES;
				CLANG_WARN_UNGUARDED_AVAILABILITY = YES_AGGRESSIVE;
				CLANG_WARN_UNREACHABLE_CODE = YES;
				CLANG_WARN__DUPLICATE_METHOD_MATCH = YES;
				COPY_PHASE_STRIP = NO;
				DEBUG_INFORMATION_FORMAT = "dwarf-with-dsym";
				DEVELOPMENT_TEAM = HH86959S6Y;
				ENABLE_NS_ASSERTIONS = NO;
				ENABLE_STRICT_OBJC_MSGSEND = YES;
				ENABLE_USER_SCRIPT_SANDBOXING = YES;
				GCC_C_LANGUAGE_STANDARD = gnu17;
				GCC_NO_COMMON_BLOCKS = YES;
				GCC_WARN_64_TO_32_BIT_CONVERSION = YES;
				GCC_WARN_ABOUT_RETURN_TYPE = YES_ERROR;
				GCC_WARN_UNDECLARED_SELECTOR = YES;
				GCC_WARN_UNINITIALIZED_AUTOS = YES_AGGRESSIVE;
				GCC_WARN_UNUSED_FUNCTION = YES;
				GCC_WARN_UNUSED_VARIABLE = YES;
				INFOPLIST_KEY_NSCameraUsageDescription = "This app uses the camera to detect home plate and create an AR baseball field and for tracking baseball movements in augmented reality.";
				INFOPLIST_KEY_NSPhotoLibraryAddUsageDescription = "This app uses the camera for tracking baseball movements in augmented reality.";
				IPHONEOS_DEPLOYMENT_TARGET = 26.0;
				LOCALIZATION_PREFERS_STRING_CATALOGS = YES;
				MTL_ENABLE_DEBUG_INFO = NO;
				MTL_FAST_MATH = YES;
				SDKROOT = iphoneos;
				SWIFT_COMPILATION_MODE = wholemodule;
				VALIDATE_PRODUCT = YES;
			};
			name = Release;
		};
		9BDC07302EB154C6002661E7 /* Debug */ = {
			isa = XCBuildConfiguration;
			buildSettings = {
				ASSETCATALOG_COMPILER_APPICON_NAME = AppIcon;
				ASSETCATALOG_COMPILER_GLOBAL_ACCENT_COLOR_NAME = AccentColor;
				CODE_SIGN_STYLE = Automatic;
				CURRENT_PROJECT_VERSION = 1;
				DEVELOPMENT_TEAM = HH86959S6Y;
				ENABLE_PREVIEWS = YES;
				GENERATE_INFOPLIST_FILE = YES;
				INFOPLIST_KEY_CFBundleDisplayName = BLU;
				INFOPLIST_KEY_LSApplicationCategoryType = "public.app-category.sports-games";
				INFOPLIST_KEY_NSCameraUsageDescription = "This app uses the camera to detect home plate and create an AR baseball field and for tracking baseball movements in augmented reality.";
				INFOPLIST_KEY_NSLocationWhenInUseUsageDescription = "This app will access location data while in use.";
				INFOPLIST_KEY_NSPhotoLibraryAddUsageDescription = "This app uses the photo library to save recordings of the game.";
				INFOPLIST_KEY_NSPhotoLibraryUsageDescription = "This app accesses your photo library to save recorded videos of pitches.";
				INFOPLIST_KEY_UIApplicationSceneManifest_Generation = YES;
				INFOPLIST_KEY_UIApplicationSupportsIndirectInputEvents = YES;
				INFOPLIST_KEY_UILaunchScreen_Generation = YES;
				INFOPLIST_KEY_UISupportedInterfaceOrientations = "UIInterfaceOrientationLandscapeLeft UIInterfaceOrientationLandscapeRight";
				INFOPLIST_KEY_UISupportedInterfaceOrientations_iPad = "UIInterfaceOrientationLandscapeLeft UIInterfaceOrientationLandscapeRight UIInterfaceOrientationPortrait UIInterfaceOrientationPortraitUpsideDown";
				IPHONEOS_DEPLOYMENT_TARGET = 17.6;
				LD_RUNPATH_SEARCH_PATHS = (
					"$(inherited)",
					"@executable_path/Frameworks",
				);
				MARKETING_VERSION = 1.0;
				PRODUCT_BUNDLE_IDENTIFIER = "com.mutant33.BLU-v2";
				PRODUCT_NAME = "$(TARGET_NAME)";
				STRING_CATALOG_GENERATE_SYMBOLS = YES;
				SWIFT_APPROACHABLE_CONCURRENCY = YES;
				SWIFT_DEFAULT_ACTOR_ISOLATION = MainActor;
				SWIFT_EMIT_LOC_STRINGS = YES;
				SWIFT_UPCOMING_FEATURE_MEMBER_IMPORT_VISIBILITY = YES;
				SWIFT_VERSION = 5.0;
				TARGETED_DEVICE_FAMILY = "1,2";
			};
			name = Debug;
		};
		9BDC07312EB154C6002661E7 /* Release */ = {
			isa = XCBuildConfiguration;
			buildSettings = {
				ASSETCATALOG_COMPILER_APPICON_NAME = AppIcon;
				ASSETCATALOG_COMPILER_GLOBAL_ACCENT_COLOR_NAME = AccentColor;
				CODE_SIGN_STYLE = Automatic;
				CURRENT_PROJECT_VERSION = 1;
				DEVELOPMENT_TEAM = HH86959S6Y;
				ENABLE_PREVIEWS = YES;
				GENERATE_INFOPLIST_FILE = YES;
				INFOPLIST_KEY_CFBundleDisplayName = BLU;
				INFOPLIST_KEY_LSApplicationCategoryType = "public.app-category.sports-games";
				INFOPLIST_KEY_NSCameraUsageDescription = "This app uses the camera to detect home plate and create an AR baseball field and for tracking baseball movements in augmented reality.";
				INFOPLIST_KEY_NSLocationWhenInUseUsageDescription = "This app will access location data while in use.";
				INFOPLIST_KEY_NSPhotoLibraryAddUsageDescription = "This app uses the photo library to save recordings of the game.";
				INFOPLIST_KEY_NSPhotoLibraryUsageDescription = "This app accesses your photo library to save recorded videos of pitches.";
				INFOPLIST_KEY_UIApplicationSceneManifest_Generation = YES;
				INFOPLIST_KEY_UIApplicationSupportsIndirectInputEvents = YES;
				INFOPLIST_KEY_UILaunchScreen_Generation = YES;
				INFOPLIST_KEY_UISupportedInterfaceOrientations = "UIInterfaceOrientationLandscapeLeft UIInterfaceOrientationLandscapeRight";
				INFOPLIST_KEY_UISupportedInterfaceOrientations_iPad = "UIInterfaceOrientationLandscapeLeft UIInterfaceOrientationLandscapeRight UIInterfaceOrientationPortrait UIInterfaceOrientationPortraitUpsideDown";
				IPHONEOS_DEPLOYMENT_TARGET = 17.6;
				LD_RUNPATH_SEARCH_PATHS = (
					"$(inherited)",
					"@executable_path/Frameworks",
				);
				MARKETING_VERSION = 1.0;
				PRODUCT_BUNDLE_IDENTIFIER = "com.mutant33.BLU-v2";
				PRODUCT_NAME = "$(TARGET_NAME)";
				STRING_CATALOG_GENERATE_SYMBOLS = YES;
				SWIFT_APPROACHABLE_CONCURRENCY = YES;
				SWIFT_DEFAULT_ACTOR_ISOLATION = MainActor;
				SWIFT_EMIT_LOC_STRINGS = YES;
				SWIFT_UPCOMING_FEATURE_MEMBER_IMPORT_VISIBILITY = YES;
				SWIFT_VERSION = 5.0;
				TARGETED_DEVICE_FAMILY = "1,2";
			};
			name = Release;
		};
		9BDC07332EB154C6002661E7 /* Debug */ = {
			isa = XCBuildConfiguration;
			buildSettings = {
				BUNDLE_LOADER = "$(TEST_HOST)";
				CODE_SIGN_STYLE = Automatic;
				CURRENT_PROJECT_VERSION = 1;
				DEVELOPMENT_TEAM = HH86959S6Y;
				GENERATE_INFOPLIST_FILE = YES;
				IPHONEOS_DEPLOYMENT_TARGET = 26.0;
				MARKETING_VERSION = 1.0;
				PRODUCT_BUNDLE_IDENTIFIER = "com.mutant33.BLU-v2Tests";
				PRODUCT_NAME = "$(TARGET_NAME)";
				STRING_CATALOG_GENERATE_SYMBOLS = NO;
				SWIFT_APPROACHABLE_CONCURRENCY = YES;
				SWIFT_EMIT_LOC_STRINGS = NO;
				SWIFT_UPCOMING_FEATURE_MEMBER_IMPORT_VISIBILITY = YES;
				SWIFT_VERSION = 5.0;
				TARGETED_DEVICE_FAMILY = "1,2";
				TEST_HOST = "$(BUILT_PRODUCTS_DIR)/BLU-v2.app/$(BUNDLE_EXECUTABLE_FOLDER_PATH)/BLU-v2";
			};
			name = Debug;
		};
		9BDC07342EB154C6002661E7 /* Release */ = {
			isa = XCBuildConfiguration;
			buildSettings = {
				BUNDLE_LOADER = "$(TEST_HOST)";
				CODE_SIGN_STYLE = Automatic;
				CURRENT_PROJECT_VERSION = 1;
				DEVELOPMENT_TEAM = HH86959S6Y;
				GENERATE_INFOPLIST_FILE = YES;
				IPHONEOS_DEPLOYMENT_TARGET = 26.0;
				MARKETING_VERSION = 1.0;
				PRODUCT_BUNDLE_IDENTIFIER = "com.mutant33.BLU-v2Tests";
				PRODUCT_NAME = "$(TARGET_NAME)";
				STRING_CATALOG_GENERATE_SYMBOLS = NO;
				SWIFT_APPROACHABLE_CONCURRENCY = YES;
				SWIFT_EMIT_LOC_STRINGS = NO;
				SWIFT_UPCOMING_FEATURE_MEMBER_IMPORT_VISIBILITY = YES;
				SWIFT_VERSION = 5.0;
				TARGETED_DEVICE_FAMILY = "1,2";
				TEST_HOST = "$(BUILT_PRODUCTS_DIR)/BLU-v2.app/$(BUNDLE_EXECUTABLE_FOLDER_PATH)/BLU-v2";
			};
			name = Release;
		};
		9BDC07362EB154C6002661E7 /* Debug */ = {
			isa = XCBuildConfiguration;
			buildSettings = {
				CODE_SIGN_STYLE = Automatic;
				CURRENT_PROJECT_VERSION = 1;
				DEVELOPMENT_TEAM = HH86959S6Y;
				GENERATE_INFOPLIST_FILE = YES;
				MARKETING_VERSION = 1.0;
				PRODUCT_BUNDLE_IDENTIFIER = "com.mutant33.BLU-v2UITests";
				PRODUCT_NAME = "$(TARGET_NAME)";
				STRING_CATALOG_GENERATE_SYMBOLS = NO;
				SWIFT_APPROACHABLE_CONCURRENCY = YES;
				SWIFT_EMIT_LOC_STRINGS = NO;
				SWIFT_UPCOMING_FEATURE_MEMBER_IMPORT_VISIBILITY = YES;
				SWIFT_VERSION = 5.0;
				TARGETED_DEVICE_FAMILY = "1,2";
				TEST_TARGET_NAME = "BLU-v2";
			};
			name = Debug;
		};
		9BDC07372EB154C6002661E7 /* Release */ = {
			isa = XCBuildConfiguration;
			buildSettings = {
				CODE_SIGN_STYLE = Automatic;
				CURRENT_PROJECT_VERSION = 1;
				DEVELOPMENT_TEAM = HH86959S6Y;
				GENERATE_INFOPLIST_FILE = YES;
				MARKETING_VERSION = 1.0;
				PRODUCT_BUNDLE_IDENTIFIER = "com.mutant33.BLU-v2UITests";
				PRODUCT_NAME = "$(TARGET_NAME)";
				STRING_CATALOG_GENERATE_SYMBOLS = NO;
				SWIFT_APPROACHABLE_CONCURRENCY = YES;
				SWIFT_EMIT_LOC_STRINGS = NO;
				SWIFT_UPCOMING_FEATURE_MEMBER_IMPORT_VISIBILITY = YES;
				SWIFT_VERSION = 5.0;
				TARGETED_DEVICE_FAMILY = "1,2";
				TEST_TARGET_NAME = "BLU-v2";
			};
			name = Release;
		};
/* End XCBuildConfiguration section */

/* Begin XCConfigurationList section */
		9BDC07092EB154C4002661E7 /* Build configuration list for PBXProject "BLU-v2" */ = {
			isa = XCConfigurationList;
			buildConfigurations = (
				9BDC072D2EB154C6002661E7 /* Debug */,
				9BDC072E2EB154C6002661E7 /* Release */,
			);
			defaultConfigurationIsVisible = 0;
			defaultConfigurationName = Release;
		};
		9BDC072F2EB154C6002661E7 /* Build configuration list for PBXNativeTarget "BLU-v2" */ = {
			isa = XCConfigurationList;
			buildConfigurations = (
				9BDC07302EB154C6002661E7 /* Debug */,
				9BDC07312EB154C6002661E7 /* Release */,
			);
			defaultConfigurationIsVisible = 0;
			defaultConfigurationName = Release;
		};
		9BDC07322EB154C6002661E7 /* Build configuration list for PBXNativeTarget "BLU-v2Tests" */ = {
			isa = XCConfigurationList;
			buildConfigurations = (
				9BDC07332EB154C6002661E7 /* Debug */,
				9BDC07342EB154C6002661E7 /* Release */,
			);
			defaultConfigurationIsVisible = 0;
			defaultConfigurationName = Release;
		};
		9BDC07352EB154C6002661E7 /* Build configuration list for PBXNativeTarget "BLU-v2UITests" */ = {
			isa = XCConfigurationList;
			buildConfigurations = (
				9BDC07362EB154C6002661E7 /* Debug */,
				9BDC07372EB154C6002661E7 /* Release */,
			);
			defaultConfigurationIsVisible = 0;
			defaultConfigurationName = Release;
		};
/* End XCConfigurationList section */

/* Begin XCRemoteSwiftPackageReference section */
		9BDC075F2EB15C84002661E7 /* XCRemoteSwiftPackageReference "Base58Swift" */ = {
			isa = XCRemoteSwiftPackageReference;
			repositoryURL = "https://github.com/keefertaylor/Base58Swift";
			requirement = {
				kind = upToNextMajorVersion;
				minimumVersion = 2.1.14;
			};
		};
		9BDC07602EB15DDD002661E7 /* XCRemoteSwiftPackageReference "firebase-ios-sdk" */ = {
			isa = XCRemoteSwiftPackageReference;
			repositoryURL = "https://github.com/firebase/firebase-ios-sdk";
			requirement = {
				kind = upToNextMajorVersion;
				minimumVersion = 12.5.0;
			};
		};
/* End XCRemoteSwiftPackageReference section */

/* Begin XCSwiftPackageProductDependency section */
		9BDC07612EB15DDD002661E7 /* FirebaseAuth */ = {
			isa = XCSwiftPackageProductDependency;
			package = 9BDC07602EB15DDD002661E7 /* XCRemoteSwiftPackageReference "firebase-ios-sdk" */;
			productName = FirebaseAuth;
		};
		9BDC07632EB15DDD002661E7 /* FirebaseFirestore */ = {
			isa = XCSwiftPackageProductDependency;
			package = 9BDC07602EB15DDD002661E7 /* XCRemoteSwiftPackageReference "firebase-ios-sdk" */;
			productName = FirebaseFirestore;
		};
		9BDC07652EB15DDD002661E7 /* FirebaseStorage */ = {
			isa = XCSwiftPackageProductDependency;
			package = 9BDC07602EB15DDD002661E7 /* XCRemoteSwiftPackageReference "firebase-ios-sdk" */;
			productName = FirebaseStorage;
		};
/* End XCSwiftPackageProductDependency section */
	};
	rootObject = 9BDC07062EB154C4002661E7 /* Project object */;
}
